// !$*UTF8*$!
{
	archiveVersion = 1;
	classes = {
	};
	objectVersion = 56;
	objects = {

/* Begin PBXBuildFile section */
		A170E2B429D18D2D009A709C /* EarthApp.swift in Sources */ = {isa = PBXBuildFile; fileRef = A170E2B329D18D2D009A709C /* EarthApp.swift */; };
		A170E2B629D18D2D009A709C /* ContentView.swift in Sources */ = {isa = PBXBuildFile; fileRef = A170E2B529D18D2D009A709C /* ContentView.swift */; };
		A170E2B829D18D2E009A709C /* Assets.xcassets in Resources */ = {isa = PBXBuildFile; fileRef = A170E2B729D18D2E009A709C /* Assets.xcassets */; };
		A170E2BB29D18D2E009A709C /* Preview Assets.xcassets in Resources */ = {isa = PBXBuildFile; fileRef = A170E2BA29D18D2E009A709C /* Preview Assets.xcassets */; };
		A170E2C529D18D2E009A709C /* EarthTests.swift in Sources */ = {isa = PBXBuildFile; fileRef = A170E2C429D18D2E009A709C /* EarthTests.swift */; };
		A170E2CF29D18D2E009A709C /* EarthUITests.swift in Sources */ = {isa = PBXBuildFile; fileRef = A170E2CE29D18D2E009A709C /* EarthUITests.swift */; };
		A170E2D129D18D2E009A709C /* EarthUITestsLaunchTests.swift in Sources */ = {isa = PBXBuildFile; fileRef = A170E2D029D18D2E009A709C /* EarthUITestsLaunchTests.swift */; };
		A170E2DE29D18E03009A709C /* Earth.usdz in Resources */ = {isa = PBXBuildFile; fileRef = A170E2DD29D18E03009A709C /* Earth.usdz */; };
		A170E2DF29D18F7E009A709C /* Earth.usdz in Sources */ = {isa = PBXBuildFile; fileRef = A170E2DD29D18E03009A709C /* Earth.usdz */; };
		A170E2E229D1934F009A709C /* Earth.usdz in Resources */ = {isa = PBXBuildFile; fileRef = A170E2E129D1934F009A709C /* Earth.usdz */; };
		A18F0D6E29D22D02004E323B /* buttonImage.jpg in Resources */ = {isa = PBXBuildFile; fileRef = A18F0D6D29D22D02004E323B /* buttonImage.jpg */; };
		A18F0D6F29D22D07004E323B /* buttonImage.jpg in Sources */ = {isa = PBXBuildFile; fileRef = A18F0D6D29D22D02004E323B /* buttonImage.jpg */; };
/* End PBXBuildFile section */

/* Begin PBXContainerItemProxy section */
		A170E2C129D18D2E009A709C /* PBXContainerItemProxy */ = {
			isa = PBXContainerItemProxy;
			containerPortal = A170E2A829D18D2D009A709C /* Project object */;
			proxyType = 1;
			remoteGlobalIDString = A170E2AF29D18D2D009A709C;
			remoteInfo = Earth;
		};
		A170E2CB29D18D2E009A709C /* PBXContainerItemProxy */ = {
			isa = PBXContainerItemProxy;
			containerPortal = A170E2A829D18D2D009A709C /* Project object */;
			proxyType = 1;
			remoteGlobalIDString = A170E2AF29D18D2D009A709C;
			remoteInfo = Earth;
		};
/* End PBXContainerItemProxy section */

/* Begin PBXFileReference section */
		A170E2B029D18D2D009A709C /* Earth.app */ = {isa = PBXFileReference; explicitFileType = wrapper.application; includeInIndex = 0; path = Earth.app; sourceTree = BUILT_PRODUCTS_DIR; };
		A170E2B329D18D2D009A709C /* EarthApp.swift */ = {isa = PBXFileReference; lastKnownFileType = sourcecode.swift; path = EarthApp.swift; sourceTree = "<group>"; };
		A170E2B529D18D2D009A709C /* ContentView.swift */ = {isa = PBXFileReference; lastKnownFileType = sourcecode.swift; path = ContentView.swift; sourceTree = "<group>"; };
		A170E2B729D18D2E009A709C /* Assets.xcassets */ = {isa = PBXFileReference; lastKnownFileType = folder.assetcatalog; path = Assets.xcassets; sourceTree = "<group>"; };
		A170E2BA29D18D2E009A709C /* Preview Assets.xcassets */ = {isa = PBXFileReference; lastKnownFileType = folder.assetcatalog; path = "Preview Assets.xcassets"; sourceTree = "<group>"; };
		A170E2C029D18D2E009A709C /* EarthTests.xctest */ = {isa = PBXFileReference; explicitFileType = wrapper.cfbundle; includeInIndex = 0; path = EarthTests.xctest; sourceTree = BUILT_PRODUCTS_DIR; };
		A170E2C429D18D2E009A709C /* EarthTests.swift */ = {isa = PBXFileReference; lastKnownFileType = sourcecode.swift; path = EarthTests.swift; sourceTree = "<group>"; };
		A170E2CA29D18D2E009A709C /* EarthUITests.xctest */ = {isa = PBXFileReference; explicitFileType = wrapper.cfbundle; includeInIndex = 0; path = EarthUITests.xctest; sourceTree = BUILT_PRODUCTS_DIR; };
		A170E2CE29D18D2E009A709C /* EarthUITests.swift */ = {isa = PBXFileReference; lastKnownFileType = sourcecode.swift; path = EarthUITests.swift; sourceTree = "<group>"; };
		A170E2D029D18D2E009A709C /* EarthUITestsLaunchTests.swift */ = {isa = PBXFileReference; lastKnownFileType = sourcecode.swift; path = EarthUITestsLaunchTests.swift; sourceTree = "<group>"; };
		A170E2DD29D18E03009A709C /* Earth.usdz */ = {isa = PBXFileReference; lastKnownFileType = file.usdz; name = Earth.usdz; path = ../../../../Documents/Earth.usdz; sourceTree = "<group>"; };
		A170E2E129D1934F009A709C /* Earth.usdz */ = {isa = PBXFileReference; lastKnownFileType = file.usdz; name = Earth.usdz; path = ../../../../../Documents/Earth.usdz; sourceTree = "<group>"; };
		A18F0D6D29D22D02004E323B /* buttonImage.jpg */ = {isa = PBXFileReference; lastKnownFileType = image.jpeg; name = buttonImage.jpg; path = ../../../../../Desktop/buttonImage.jpg; sourceTree = "<group>"; };
/* End PBXFileReference section */

/* Begin PBXFrameworksBuildPhase section */
		A170E2AD29D18D2D009A709C /* Frameworks */ = {
			isa = PBXFrameworksBuildPhase;
			buildActionMask = 2147483647;
			files = (
			);
			runOnlyForDeploymentPostprocessing = 0;
		};
		A170E2BD29D18D2E009A709C /* Frameworks */ = {
			isa = PBXFrameworksBuildPhase;
			buildActionMask = 2147483647;
			files = (
			);
			runOnlyForDeploymentPostprocessing = 0;
		};
		A170E2C729D18D2E009A709C /* Frameworks */ = {
			isa = PBXFrameworksBuildPhase;
			buildActionMask = 2147483647;
			files = (
			);
			runOnlyForDeploymentPostprocessing = 0;
		};
/* End PBXFrameworksBuildPhase section */

/* Begin PBXGroup section */
		A170E2A729D18D2D009A709C = {
			isa = PBXGroup;
			children = (
				A170E2B229D18D2D009A709C /* Earth */,
				A170E2C329D18D2E009A709C /* EarthTests */,
				A170E2CD29D18D2E009A709C /* EarthUITests */,
				A170E2B129D18D2D009A709C /* Products */,
			);
			sourceTree = "<group>";
		};
		A170E2B129D18D2D009A709C /* Products */ = {
			isa = PBXGroup;
			children = (
				A170E2B029D18D2D009A709C /* Earth.app */,
				A170E2C029D18D2E009A709C /* EarthTests.xctest */,
				A170E2CA29D18D2E009A709C /* EarthUITests.xctest */,
			);
			name = Products;
			sourceTree = "<group>";
		};
		A170E2B229D18D2D009A709C /* Earth */ = {
			isa = PBXGroup;
			children = (
				A170E2E029D1933B009A709C /* Resource */,
				A170E2DD29D18E03009A709C /* Earth.usdz */,
				A170E2B329D18D2D009A709C /* EarthApp.swift */,
				A170E2B529D18D2D009A709C /* ContentView.swift */,
				A170E2B729D18D2E009A709C /* Assets.xcassets */,
				A170E2B929D18D2E009A709C /* Preview Content */,
			);
			path = Earth;
			sourceTree = "<group>";
		};
		A170E2B929D18D2E009A709C /* Preview Content */ = {
			isa = PBXGroup;
			children = (
				A170E2BA29D18D2E009A709C /* Preview Assets.xcassets */,
			);
			path = "Preview Content";
			sourceTree = "<group>";
		};
		A170E2C329D18D2E009A709C /* EarthTests */ = {
			isa = PBXGroup;
			children = (
				A170E2C429D18D2E009A709C /* EarthTests.swift */,
			);
			path = EarthTests;
			sourceTree = "<group>";
		};
		A170E2CD29D18D2E009A709C /* EarthUITests */ = {
			isa = PBXGroup;
			children = (
				A170E2CE29D18D2E009A709C /* EarthUITests.swift */,
				A170E2D029D18D2E009A709C /* EarthUITestsLaunchTests.swift */,
			);
			path = EarthUITests;
			sourceTree = "<group>";
		};
		A170E2E029D1933B009A709C /* Resource */ = {
			isa = PBXGroup;
			children = (
				A18F0D6D29D22D02004E323B /* buttonImage.jpg */,
				A170E2E129D1934F009A709C /* Earth.usdz */,
			);
			path = Resource;
			sourceTree = "<group>";
		};
/* End PBXGroup section */

/* Begin PBXNativeTarget section */
		A170E2AF29D18D2D009A709C /* Earth */ = {
			isa = PBXNativeTarget;
			buildConfigurationList = A170E2D429D18D2E009A709C /* Build configuration list for PBXNativeTarget "Earth" */;
			buildPhases = (
				A170E2AC29D18D2D009A709C /* Sources */,
				A170E2AD29D18D2D009A709C /* Frameworks */,
				A170E2AE29D18D2D009A709C /* Resources */,
			);
			buildRules = (
			);
			dependencies = (
			);
			name = Earth;
			productName = Earth;
			productReference = A170E2B029D18D2D009A709C /* Earth.app */;
			productType = "com.apple.product-type.application";
		};
		A170E2BF29D18D2E009A709C /* EarthTests */ = {
			isa = PBXNativeTarget;
			buildConfigurationList = A170E2D729D18D2E009A709C /* Build configuration list for PBXNativeTarget "EarthTests" */;
			buildPhases = (
				A170E2BC29D18D2E009A709C /* Sources */,
				A170E2BD29D18D2E009A709C /* Frameworks */,
				A170E2BE29D18D2E009A709C /* Resources */,
			);
			buildRules = (
			);
			dependencies = (
				A170E2C229D18D2E009A709C /* PBXTargetDependency */,
			);
			name = EarthTests;
			productName = EarthTests;
			productReference = A170E2C029D18D2E009A709C /* EarthTests.xctest */;
			productType = "com.apple.product-type.bundle.unit-test";
		};
		A170E2C929D18D2E009A709C /* EarthUITests */ = {
			isa = PBXNativeTarget;
			buildConfigurationList = A170E2DA29D18D2E009A709C /* Build configuration list for PBXNativeTarget "EarthUITests" */;
			buildPhases = (
				A170E2C629D18D2E009A709C /* Sources */,
				A170E2C729D18D2E009A709C /* Frameworks */,
				A170E2C829D18D2E009A709C /* Resources */,
			);
			buildRules = (
			);
			dependencies = (
				A170E2CC29D18D2E009A709C /* PBXTargetDependency */,
			);
			name = EarthUITests;
			productName = EarthUITests;
			productReference = A170E2CA29D18D2E009A709C /* EarthUITests.xctest */;
			productType = "com.apple.product-type.bundle.ui-testing";
		};
/* End PBXNativeTarget section */

/* Begin PBXProject section */
		A170E2A829D18D2D009A709C /* Project object */ = {
			isa = PBXProject;
			attributes = {
				BuildIndependentTargetsInParallel = 1;
				LastSwiftUpdateCheck = 1420;
				LastUpgradeCheck = 1420;
				TargetAttributes = {
					A170E2AF29D18D2D009A709C = {
						CreatedOnToolsVersion = 14.2;
					};
					A170E2BF29D18D2E009A709C = {
						CreatedOnToolsVersion = 14.2;
						TestTargetID = A170E2AF29D18D2D009A709C;
					};
					A170E2C929D18D2E009A709C = {
						CreatedOnToolsVersion = 14.2;
						TestTargetID = A170E2AF29D18D2D009A709C;
					};
				};
			};
			buildConfigurationList = A170E2AB29D18D2D009A709C /* Build configuration list for PBXProject "Earth" */;
			compatibilityVersion = "Xcode 14.0";
			developmentRegion = en;
			hasScannedForEncodings = 0;
			knownRegions = (
				en,
				Base,
			);
			mainGroup = A170E2A729D18D2D009A709C;
			productRefGroup = A170E2B129D18D2D009A709C /* Products */;
			projectDirPath = "";
			projectRoot = "";
			targets = (
				A170E2AF29D18D2D009A709C /* Earth */,
				A170E2BF29D18D2E009A709C /* EarthTests */,
				A170E2C929D18D2E009A709C /* EarthUITests */,
			);
		};
/* End PBXProject section */

/* Begin PBXResourcesBuildPhase section */
		A170E2AE29D18D2D009A709C /* Resources */ = {
			isa = PBXResourcesBuildPhase;
			buildActionMask = 2147483647;
			files = (
				A170E2BB29D18D2E009A709C /* Preview Assets.xcassets in Resources */,
				A170E2DE29D18E03009A709C /* Earth.usdz in Resources */,
				A18F0D6E29D22D02004E323B /* buttonImage.jpg in Resources */,
				A170E2E229D1934F009A709C /* Earth.usdz in Resources */,
				A170E2B829D18D2E009A709C /* Assets.xcassets in Resources */,
			);
			runOnlyForDeploymentPostprocessing = 0;
		};
		A170E2BE29D18D2E009A709C /* Resources */ = {
			isa = PBXResourcesBuildPhase;
			buildActionMask = 2147483647;
			files = (
			);
			runOnlyForDeploymentPostprocessing = 0;
		};
		A170E2C829D18D2E009A709C /* Resources */ = {
			isa = PBXResourcesBuildPhase;
			buildActionMask = 2147483647;
			files = (
			);
			runOnlyForDeploymentPostprocessing = 0;
		};
/* End PBXResourcesBuildPhase section */

/* Begin PBXSourcesBuildPhase section */
		A170E2AC29D18D2D009A709C /* Sources */ = {
			isa = PBXSourcesBuildPhase;
			buildActionMask = 2147483647;
			files = (
				A18F0D6F29D22D07004E323B /* buttonImage.jpg in Sources */,
				A170E2DF29D18F7E009A709C /* Earth.usdz in Sources */,
				A170E2B629D18D2D009A709C /* ContentView.swift in Sources */,
				A170E2B429D18D2D009A709C /* EarthApp.swift in Sources */,
			);
			runOnlyForDeploymentPostprocessing = 0;
		};
		A170E2BC29D18D2E009A709C /* Sources */ = {
			isa = PBXSourcesBuildPhase;
			buildActionMask = 2147483647;
			files = (
				A170E2C529D18D2E009A709C /* EarthTests.swift in Sources */,
			);
			runOnlyForDeploymentPostprocessing = 0;
		};
		A170E2C629D18D2E009A709C /* Sources */ = {
			isa = PBXSourcesBuildPhase;
			buildActionMask = 2147483647;
			files = (
				A170E2CF29D18D2E009A709C /* EarthUITests.swift in Sources */,
				A170E2D129D18D2E009A709C /* EarthUITestsLaunchTests.swift in Sources */,
			);
			runOnlyForDeploymentPostprocessing = 0;
		};
/* End PBXSourcesBuildPhase section */

/* Begin PBXTargetDependency section */
		A170E2C229D18D2E009A709C /* PBXTargetDependency */ = {
			isa = PBXTargetDependency;
			target = A170E2AF29D18D2D009A709C /* Earth */;
			targetProxy = A170E2C129D18D2E009A709C /* PBXContainerItemProxy */;
		};
		A170E2CC29D18D2E009A709C /* PBXTargetDependency */ = {
			isa = PBXTargetDependency;
			target = A170E2AF29D18D2D009A709C /* Earth */;
			targetProxy = A170E2CB29D18D2E009A709C /* PBXContainerItemProxy */;
		};
/* End PBXTargetDependency section */

/* Begin XCBuildConfiguration section */
		A170E2D229D18D2E009A709C /* Debug */ = {
			isa = XCBuildConfiguration;
			buildSettings = {
				ALWAYS_SEARCH_USER_PATHS = NO;
				CLANG_ANALYZER_NONNULL = YES;
				CLANG_ANALYZER_NUMBER_OBJECT_CONVERSION = YES_AGGRESSIVE;
				CLANG_CXX_LANGUAGE_STANDARD = "gnu++20";
				CLANG_ENABLE_MODULES = YES;
				CLANG_ENABLE_OBJC_ARC = YES;
				CLANG_ENABLE_OBJC_WEAK = YES;
				CLANG_WARN_BLOCK_CAPTURE_AUTORELEASING = YES;
				CLANG_WARN_BOOL_CONVERSION = YES;
				CLANG_WARN_COMMA = YES;
				CLANG_WARN_CONSTANT_CONVERSION = YES;
				CLANG_WARN_DEPRECATED_OBJC_IMPLEMENTATIONS = YES;
				CLANG_WARN_DIRECT_OBJC_ISA_USAGE = YES_ERROR;
				CLANG_WARN_DOCUMENTATION_COMMENTS = YES;
				CLANG_WARN_EMPTY_BODY = YES;
				CLANG_WARN_ENUM_CONVERSION = YES;
				CLANG_WARN_INFINITE_RECURSION = YES;
				CLANG_WARN_INT_CONVERSION = YES;
				CLANG_WARN_NON_LITERAL_NULL_CONVERSION = YES;
				CLANG_WARN_OBJC_IMPLICIT_RETAIN_SELF = YES;
				CLANG_WARN_OBJC_LITERAL_CONVERSION = YES;
				CLANG_WARN_OBJC_ROOT_CLASS = YES_ERROR;
				CLANG_WARN_QUOTED_INCLUDE_IN_FRAMEWORK_HEADER = YES;
				CLANG_WARN_RANGE_LOOP_ANALYSIS = YES;
				CLANG_WARN_STRICT_PROTOTYPES = YES;
				CLANG_WARN_SUSPICIOUS_MOVE = YES;
				CLANG_WARN_UNGUARDED_AVAILABILITY = YES_AGGRESSIVE;
				CLANG_WARN_UNREACHABLE_CODE = YES;
				CLANG_WARN__DUPLICATE_METHOD_MATCH = YES;
				COPY_PHASE_STRIP = NO;
				DEBUG_INFORMATION_FORMAT = dwarf;
				ENABLE_STRICT_OBJC_MSGSEND = YES;
				ENABLE_TESTABILITY = YES;
				GCC_C_LANGUAGE_STANDARD = gnu11;
				GCC_DYNAMIC_NO_PIC = NO;
				GCC_NO_COMMON_BLOCKS = YES;
				GCC_OPTIMIZATION_LEVEL = 0;
				GCC_PREPROCESSOR_DEFINITIONS = (
					"DEBUG=1",
					"$(inherited)",
				);
				GCC_WARN_64_TO_32_BIT_CONVERSION = YES;
				GCC_WARN_ABOUT_RETURN_TYPE = YES_ERROR;
				GCC_WARN_UNDECLARED_SELECTOR = YES;
				GCC_WARN_UNINITIALIZED_AUTOS = YES_AGGRESSIVE;
				GCC_WARN_UNUSED_FUNCTION = YES;
				GCC_WARN_UNUSED_VARIABLE = YES;
				IPHONEOS_DEPLOYMENT_TARGET = 16.2;
				MTL_ENABLE_DEBUG_INFO = INCLUDE_SOURCE;
				MTL_FAST_MATH = YES;
				ONLY_ACTIVE_ARCH = YES;
				SDKROOT = iphoneos;
				SWIFT_ACTIVE_COMPILATION_CONDITIONS = DEBUG;
				SWIFT_OPTIMIZATION_LEVEL = "-Onone";
			};
			name = Debug;
		};
		A170E2D329D18D2E009A709C /* Release */ = {
			isa = XCBuildConfiguration;
			buildSettings = {
				ALWAYS_SEARCH_USER_PATHS = NO;
				CLANG_ANALYZER_NONNULL = YES;
				CLANG_ANALYZER_NUMBER_OBJECT_CONVERSION = YES_AGGRESSIVE;
				CLANG_CXX_LANGUAGE_STANDARD = "gnu++20";
				CLANG_ENABLE_MODULES = YES;
				CLANG_ENABLE_OBJC_ARC = YES;
				CLANG_ENABLE_OBJC_WEAK = YES;
				CLANG_WARN_BLOCK_CAPTURE_AUTORELEASING = YES;
				CLANG_WARN_BOOL_CONVERSION = YES;
				CLANG_WARN_COMMA = YES;
				CLANG_WARN_CONSTANT_CONVERSION = YES;
				CLANG_WARN_DEPRECATED_OBJC_IMPLEMENTATIONS = YES;
				CLANG_WARN_DIRECT_OBJC_ISA_USAGE = YES_ERROR;
				CLANG_WARN_DOCUMENTATION_COMMENTS = YES;
				CLANG_WARN_EMPTY_BODY = YES;
				CLANG_WARN_ENUM_CONVERSION = YES;
				CLANG_WARN_INFINITE_RECURSION = YES;
				CLANG_WARN_INT_CONVERSION = YES;
				CLANG_WARN_NON_LITERAL_NULL_CONVERSION = YES;
				CLANG_WARN_OBJC_IMPLICIT_RETAIN_SELF = YES;
				CLANG_WARN_OBJC_LITERAL_CONVERSION = YES;
				CLANG_WARN_OBJC_ROOT_CLASS = YES_ERROR;
				CLANG_WARN_QUOTED_INCLUDE_IN_FRAMEWORK_HEADER = YES;
				CLANG_WARN_RANGE_LOOP_ANALYSIS = YES;
				CLANG_WARN_STRICT_PROTOTYPES = YES;
				CLANG_WARN_SUSPICIOUS_MOVE = YES;
				CLANG_WARN_UNGUARDED_AVAILABILITY = YES_AGGRESSIVE;
				CLANG_WARN_UNREACHABLE_CODE = YES;
				CLANG_WARN__DUPLICATE_METHOD_MATCH = YES;
				COPY_PHASE_STRIP = NO;
				DEBUG_INFORMATION_FORMAT = "dwarf-with-dsym";
				ENABLE_NS_ASSERTIONS = NO;
				ENABLE_STRICT_OBJC_MSGSEND = YES;
				GCC_C_LANGUAGE_STANDARD = gnu11;
				GCC_NO_COMMON_BLOCKS = YES;
				GCC_WARN_64_TO_32_BIT_CONVERSION = YES;
				GCC_WARN_ABOUT_RETURN_TYPE = YES_ERROR;
				GCC_WARN_UNDECLARED_SELECTOR = YES;
				GCC_WARN_UNINITIALIZED_AUTOS = YES_AGGRESSIVE;
				GCC_WARN_UNUSED_FUNCTION = YES;
				GCC_WARN_UNUSED_VARIABLE = YES;
				IPHONEOS_DEPLOYMENT_TARGET = 16.2;
				MTL_ENABLE_DEBUG_INFO = NO;
				MTL_FAST_MATH = YES;
				SDKROOT = iphoneos;
				SWIFT_COMPILATION_MODE = wholemodule;
				SWIFT_OPTIMIZATION_LEVEL = "-O";
				VALIDATE_PRODUCT = YES;
			};
			name = Release;
		};
		A170E2D529D18D2E009A709C /* Debug */ = {
			isa = XCBuildConfiguration;
			buildSettings = {
				ASSETCATALOG_COMPILER_APPICON_NAME = AppIcon;
				ASSETCATALOG_COMPILER_GLOBAL_ACCENT_COLOR_NAME = AccentColor;
				ASSETCATALOG_COMPILER_INCLUDE_ALL_APPICON_ASSETS = NO;
				CODE_SIGN_STYLE = Automatic;
				CURRENT_PROJECT_VERSION = 1;
				DEVELOPMENT_ASSET_PATHS = "\"Earth/Preview Content\"";
				DEVELOPMENT_TEAM = 6Z3LZX7N42;
				ENABLE_PREVIEWS = YES;
				GENERATE_INFOPLIST_FILE = YES;
				INFOPLIST_KEY_UIApplicationSceneManifest_Generation = YES;
				INFOPLIST_KEY_UIApplicationSupportsIndirectInputEvents = YES;
				INFOPLIST_KEY_UILaunchScreen_Generation = YES;
				INFOPLIST_KEY_UISupportedInterfaceOrientations_iPad = "UIInterfaceOrientationPortrait UIInterfaceOrientationPortraitUpsideDown UIInterfaceOrientationLandscapeLeft UIInterfaceOrientationLandscapeRight";
				INFOPLIST_KEY_UISupportedInterfaceOrientations_iPhone = "UIInterfaceOrientationPortrait UIInterfaceOrientationLandscapeLeft UIInterfaceOrientationLandscapeRight";
				LD_RUNPATH_SEARCH_PATHS = (
					"$(inherited)",
					"@executable_path/Frameworks",
				);
				MARKETING_VERSION = 1.0;
				PRODUCT_BUNDLE_IDENTIFIER = com.andyyuyc.Earth;
				PRODUCT_NAME = "$(TARGET_NAME)";
				SWIFT_EMIT_LOC_STRINGS = YES;
				SWIFT_VERSION = 5.0;
				TARGETED_DEVICE_FAMILY = "1,2";
			};
			name = Debug;
		};
		A170E2D629D18D2E009A709C /* Release */ = {
			isa = XCBuildConfiguration;
			buildSettings = {
				ASSETCATALOG_COMPILER_APPICON_NAME = AppIcon;
				ASSETCATALOG_COMPILER_GLOBAL_ACCENT_COLOR_NAME = AccentColor;
				ASSETCATALOG_COMPILER_INCLUDE_ALL_APPICON_ASSETS = NO;
				CODE_SIGN_STYLE = Automatic;
				CURRENT_PROJECT_VERSION = 1;
				DEVELOPMENT_ASSET_PATHS = "\"Earth/Preview Content\"";
				DEVELOPMENT_TEAM = 6Z3LZX7N42;
				ENABLE_PREVIEWS = YES;
				GENERATE_INFOPLIST_FILE = YES;
				INFOPLIST_KEY_UIApplicationSceneManifest_Generation = YES;
				INFOPLIST_KEY_UIApplicationSupportsIndirectInputEvents = YES;
				INFOPLIST_KEY_UILaunchScreen_Generation = YES;
				INFOPLIST_KEY_UISupportedInterfaceOrientations_iPad = "UIInterfaceOrientationPortrait UIInterfaceOrientationPortraitUpsideDown UIInterfaceOrientationLandscapeLeft UIInterfaceOrientationLandscapeRight";
				INFOPLIST_KEY_UISupportedInterfaceOrientations_iPhone = "UIInterfaceOrientationPortrait UIInterfaceOrientationLandscapeLeft UIInterfaceOrientationLandscapeRight";
				LD_RUNPATH_SEARCH_PATHS = (
					"$(inherited)",
					"@executable_path/Frameworks",
				);
				MARKETING_VERSION = 1.0;
				PRODUCT_BUNDLE_IDENTIFIER = com.andyyuyc.Earth;
				PRODUCT_NAME = "$(TARGET_NAME)";
				SWIFT_EMIT_LOC_STRINGS = YES;
				SWIFT_VERSION = 5.0;
				TARGETED_DEVICE_FAMILY = "1,2";
			};
			name = Release;
		};
		A170E2D829D18D2E009A709C /* Debug */ = {
			isa = XCBuildConfiguration;
			buildSettings = {
				ALWAYS_EMBED_SWIFT_STANDARD_LIBRARIES = YES;
				BUNDLE_LOADER = "$(TEST_HOST)";
				CODE_SIGN_STYLE = Automatic;
				CURRENT_PROJECT_VERSION = 1;
				DEVELOPMENT_TEAM = 6Z3LZX7N42;
				GENERATE_INFOPLIST_FILE = YES;
				IPHONEOS_DEPLOYMENT_TARGET = 16.2;
				MARKETING_VERSION = 1.0;
				PRODUCT_BUNDLE_IDENTIFIER = com.andyyuyc.EarthTests;
				PRODUCT_NAME = "$(TARGET_NAME)";
				SWIFT_EMIT_LOC_STRINGS = NO;
				SWIFT_VERSION = 5.0;
				TARGETED_DEVICE_FAMILY = "1,2";
				TEST_HOST = "$(BUILT_PRODUCTS_DIR)/Earth.app/$(BUNDLE_EXECUTABLE_FOLDER_PATH)/Earth";
			};
			name = Debug;
		};
		A170E2D929D18D2E009A709C /* Release */ = {
			isa = XCBuildConfiguration;
			buildSettings = {
				ALWAYS_EMBED_SWIFT_STANDARD_LIBRARIES = YES;
				BUNDLE_LOADER = "$(TEST_HOST)";
				CODE_SIGN_STYLE = Automatic;
				CURRENT_PROJECT_VERSION = 1;
				DEVELOPMENT_TEAM = 6Z3LZX7N42;
				GENERATE_INFOPLIST_FILE = YES;
				IPHONEOS_DEPLOYMENT_TARGET = 16.2;
				MARKETING_VERSION = 1.0;
				PRODUCT_BUNDLE_IDENTIFIER = com.andyyuyc.EarthTests;
				PRODUCT_NAME = "$(TARGET_NAME)";
				SWIFT_EMIT_LOC_STRINGS = NO;
				SWIFT_VERSION = 5.0;
				TARGETED_DEVICE_FAMILY = "1,2";
				TEST_HOST = "$(BUILT_PRODUCTS_DIR)/Earth.app/$(BUNDLE_EXECUTABLE_FOLDER_PATH)/Earth";
			};
			name = Release;
		};
		A170E2DB29D18D2E009A709C /* Debug */ = {
			isa = XCBuildConfiguration;
			buildSettings = {
				ALWAYS_EMBED_SWIFT_STANDARD_LIBRARIES = YES;
				CODE_SIGN_STYLE = Automatic;
				CURRENT_PROJECT_VERSION = 1;
				DEVELOPMENT_TEAM = 6Z3LZX7N42;
				GENERATE_INFOPLIST_FILE = YES;
				MARKETING_VERSION = 1.0;
				PRODUCT_BUNDLE_IDENTIFIER = com.andyyuyc.EarthUITests;
				PRODUCT_NAME = "$(TARGET_NAME)";
				SWIFT_EMIT_LOC_STRINGS = NO;
				SWIFT_VERSION = 5.0;
				TARGETED_DEVICE_FAMILY = "1,2";
				TEST_TARGET_NAME = Earth;
			};
			name = Debug;
		};
		A170E2DC29D18D2E009A709C /* Release */ = {
			isa = XCBuildConfiguration;
			buildSettings = {
				ALWAYS_EMBED_SWIFT_STANDARD_LIBRARIES = YES;
				CODE_SIGN_STYLE = Automatic;
				CURRENT_PROJECT_VERSION = 1;
				DEVELOPMENT_TEAM = 6Z3LZX7N42;
				GENERATE_INFOPLIST_FILE = YES;
				MARKETING_VERSION = 1.0;
				PRODUCT_BUNDLE_IDENTIFIER = com.andyyuyc.EarthUITests;
				PRODUCT_NAME = "$(TARGET_NAME)";
				SWIFT_EMIT_LOC_STRINGS = NO;
				SWIFT_VERSION = 5.0;
				TARGETED_DEVICE_FAMILY = "1,2";
				TEST_TARGET_NAME = Earth;
			};
			name = Release;
		};
/* End XCBuildConfiguration section */

/* Begin XCConfigurationList section */
		A170E2AB29D18D2D009A709C /* Build configuration list for PBXProject "Earth" */ = {
			isa = XCConfigurationList;
			buildConfigurations = (
				A170E2D229D18D2E009A709C /* Debug */,
				A170E2D329D18D2E009A709C /* Release */,
			);
			defaultConfigurationIsVisible = 0;
			defaultConfigurationName = Release;
		};
		A170E2D429D18D2E009A709C /* Build configuration list for PBXNativeTarget "Earth" */ = {
			isa = XCConfigurationList;
			buildConfigurations = (
				A170E2D529D18D2E009A709C /* Debug */,
				A170E2D629D18D2E009A709C /* Release */,
			);
			defaultConfigurationIsVisible = 0;
			defaultConfigurationName = Release;
		};
		A170E2D729D18D2E009A709C /* Build configuration list for PBXNativeTarget "EarthTests" */ = {
			isa = XCConfigurationList;
			buildConfigurations = (
				A170E2D829D18D2E009A709C /* Debug */,
				A170E2D929D18D2E009A709C /* Release */,
			);
			defaultConfigurationIsVisible = 0;
			defaultConfigurationName = Release;
		};
		A170E2DA29D18D2E009A709C /* Build configuration list for PBXNativeTarget "EarthUITests" */ = {
			isa = XCConfigurationList;
			buildConfigurations = (
				A170E2DB29D18D2E009A709C /* Debug */,
				A170E2DC29D18D2E009A709C /* Release */,
			);
			defaultConfigurationIsVisible = 0;
			defaultConfigurationName = Release;
		};
/* End XCConfigurationList section */
	};
	rootObject = A170E2A829D18D2D009A709C /* Project object */;
}
